
Microsoft Visual Studio Solution File, Format Version 12.00
# Visual Studio 15
VisualStudioVersion = 15.0.26430.6
MinimumVisualStudioVersion = 10.0.40219.1
Project("{FAE04EC0-301F-11D3-BF4B-00C04F79EFBC}") = "Model", "Model\Model.csproj", "{69B773BE-B3F1-44B4-9A3A-0CF1C7847474}"
EndProject
Project("{FAE04EC0-301F-11D3-BF4B-00C04F79EFBC}") = "Data", "Data\Data.csproj", "{9AD501E6-8EC8-4A16-8105-40F5078BC0E9}"
EndProject
Project("{FAE04EC0-301F-11D3-BF4B-00C04F79EFBC}") = "Web", "Web\Web.csproj", "{70A55FB1-FD3D-4DEE-8ED0-25AAD63D7109}"
EndProject
Global
	GlobalSection(SolutionConfigurationPlatforms) = preSolution
		Debug|Any CPU = Debug|Any CPU
		Release|Any CPU = Release|Any CPU
	EndGlobalSection
	GlobalSection(ProjectConfigurationPlatforms) = postSolution
		{69B773BE-B3F1-44B4-9A3A-0CF1C7847474}.Debug|Any CPU.ActiveCfg = Debug|Any CPU
		{69B773BE-B3F1-44B4-9A3A-0CF1C7847474}.Debug|Any CPU.Build.0 = Debug|Any CPU
		{69B773BE-B3F1-44B4-9A3A-0CF1C7847474}.Release|Any CPU.ActiveCfg = Release|Any CPU
		{69B773BE-B3F1-44B4-9A3A-0CF1C7847474}.Release|Any CPU.Build.0 = Release|Any CPU
		{9AD501E6-8EC8-4A16-8105-40F5078BC0E9}.Debug|Any CPU.ActiveCfg = Debug|Any CPU
		{9AD501E6-8EC8-4A16-8105-40F5078BC0E9}.Debug|Any CPU.Build.0 = Debug|Any CPU
		{9AD501E6-8EC8-4A16-8105-40F5078BC0E9}.Release|Any CPU.ActiveCfg = Release|Any CPU
		{9AD501E6-8EC8-4A16-8105-40F5078BC0E9}.Release|Any CPU.Build.0 = Release|Any CPU
		{70A55FB1-FD3D-4DEE-8ED0-25AAD63D7109}.Debug|Any CPU.ActiveCfg = Debug|Any CPU
		{70A55FB1-FD3D-4DEE-8ED0-25AAD63D7109}.Debug|Any CPU.Build.0 = Debug|Any CPU
		{70A55FB1-FD3D-4DEE-8ED0-25AAD63D7109}.Release|Any CPU.ActiveCfg = Release|Any CPU
		{70A55FB1-FD3D-4DEE-8ED0-25AAD63D7109}.Release|Any CPU.Build.0 = Release|Any CPU
	EndGlobalSection
	GlobalSection(SolutionProperties) = preSolution
		HideSolutionNode = FALSE
	EndGlobalSection
	GlobalSection(TeamFoundationVersionControl) = preSolution
		SccNumberOfProjects = 4
		SccEnterpriseProvider = {4CA58AB2-18FA-4F8D-95D4-32DDF27D184C}
		SccTeamFoundationServer = https://fos17.visualstudio.com/
		SccLocalPath0 = .
		SccProjectUniqueName1 = Model\\Model.csproj
		SccProjectName1 = Model
		SccLocalPath1 = Model
		SccProjectUniqueName2 = Data\\Data.csproj
		SccProjectName2 = Data
		SccLocalPath2 = Data
		SccProjectUniqueName3 = Web\\Web.csproj
		SccProjectName3 = Web
		SccLocalPath3 = Web
	EndGlobalSection
EndGlobal
